
Microsoft Visual Studio Solution File, Format Version 12.00
# Visual Studio Version 16
VisualStudioVersion = 16.0.31410.357
MinimumVisualStudioVersion = 10.0.40219.1
Project("{FAE04EC0-301F-11D3-BF4B-00C04F79EFBC}") = "Stories", "Stories.csproj", "{CAF85952-B353-4F07-882E-F4A0F09FD5A8}"
EndProject
Global
	GlobalSection(SolutionConfigurationPlatforms) = preSolution
		Debug|Any CPU = Debug|Any CPU
		Release|Any CPU = Release|Any CPU
	EndGlobalSection
	GlobalSection(ProjectConfigurationPlatforms) = postSolution
		{CAF85952-B353-4F07-882E-F4A0F09FD5A8}.Debug|Any CPU.ActiveCfg = Debug|Any CPU
		{CAF85952-B353-4F07-882E-F4A0F09FD5A8}.Debug|Any CPU.Build.0 = Debug|Any CPU
		{CAF85952-B353-4F07-882E-F4A0F09FD5A8}.Release|Any CPU.ActiveCfg = Release|Any CPU
		{CAF85952-B353-4F07-882E-F4A0F09FD5A8}.Release|Any CPU.Build.0 = Release|Any CPU
	EndGlobalSection
	GlobalSection(SolutionProperties) = preSolution
		HideSolutionNode = FALSE
	EndGlobalSection
	GlobalSection(ExtensibilityGlobals) = postSolution
		SolutionGuid = {263344BC-C736-4242-A6F1-C7622976EE87}
	EndGlobalSection
EndGlobal
